
Microsoft Visual Studio Solution File, Format Version 12.00
# Visual Studio Version 17
VisualStudioVersion = 17.5.33627.172
MinimumVisualStudioVersion = 10.0.40219.1
Project("{9A19103F-16F7-4668-BE54-9A1E7A4F7556}") = "DigitalDesign.Lib", "DigitalDesign.Lib\DigitalDesign.Lib.csproj", "{7C60CC60-7050-4F24-B8B8-8CF72E11631A}"
EndProject
Project("{9A19103F-16F7-4668-BE54-9A1E7A4F7556}") = "DigitalDesign.Lib.Test", "DigitalDesign.Lib.Test\DigitalDesign.Lib.Test.csproj", "{7DBAB7A3-5E21-4743-BE04-8928F566C388}"
EndProject
Project("{FAE04EC0-301F-11D3-BF4B-00C04F79EFBC}") = "DigitalDesign.UWP", "DigitalDesign.UWP\DigitalDesign.UWP.csproj", "{41EE32FE-B353-4C84-AE5B-9096902A19B8}"
EndProject
Project("{FAE04EC0-301F-11D3-BF4B-00C04F79EFBC}") = "DigitalDesign.UWPLib", "DigitalDesign.UWPLib\DigitalDesign.UWPLib.csproj", "{654913E3-5F9C-42C2-B423-BBF83C796EBA}"
EndProject
Global
	GlobalSection(SolutionConfigurationPlatforms) = preSolution
		Debug|Any CPU = Debug|Any CPU
		Debug|ARM = Debug|ARM
		Debug|ARM64 = Debug|ARM64
		Debug|x64 = Debug|x64
		Debug|x86 = Debug|x86
		Release|Any CPU = Release|Any CPU
		Release|ARM = Release|ARM
		Release|ARM64 = Release|ARM64
		Release|x64 = Release|x64
		Release|x86 = Release|x86
	EndGlobalSection
	GlobalSection(ProjectConfigurationPlatforms) = postSolution
		{7C60CC60-7050-4F24-B8B8-8CF72E11631A}.Debug|Any CPU.ActiveCfg = Debug|Any CPU
		{7C60CC60-7050-4F24-B8B8-8CF72E11631A}.Debug|Any CPU.Build.0 = Debug|Any CPU
		{7C60CC60-7050-4F24-B8B8-8CF72E11631A}.Debug|ARM.ActiveCfg = Debug|Any CPU
		{7C60CC60-7050-4F24-B8B8-8CF72E11631A}.Debug|ARM.Build.0 = Debug|Any CPU
		{7C60CC60-7050-4F24-B8B8-8CF72E11631A}.Debug|ARM64.ActiveCfg = Debug|Any CPU
		{7C60CC60-7050-4F24-B8B8-8CF72E11631A}.Debug|ARM64.Build.0 = Debug|Any CPU
		{7C60CC60-7050-4F24-B8B8-8CF72E11631A}.Debug|x64.ActiveCfg = Debug|Any CPU
		{7C60CC60-7050-4F24-B8B8-8CF72E11631A}.Debug|x64.Build.0 = Debug|Any CPU
		{7C60CC60-7050-4F24-B8B8-8CF72E11631A}.Debug|x86.ActiveCfg = Debug|Any CPU
		{7C60CC60-7050-4F24-B8B8-8CF72E11631A}.Debug|x86.Build.0 = Debug|Any CPU
		{7C60CC60-7050-4F24-B8B8-8CF72E11631A}.Release|Any CPU.ActiveCfg = Release|Any CPU
		{7C60CC60-7050-4F24-B8B8-8CF72E11631A}.Release|Any CPU.Build.0 = Release|Any CPU
		{7C60CC60-7050-4F24-B8B8-8CF72E11631A}.Release|ARM.ActiveCfg = Release|Any CPU
		{7C60CC60-7050-4F24-B8B8-8CF72E11631A}.Release|ARM.Build.0 = Release|Any CPU
		{7C60CC60-7050-4F24-B8B8-8CF72E11631A}.Release|ARM64.ActiveCfg = Release|Any CPU
		{7C60CC60-7050-4F24-B8B8-8CF72E11631A}.Release|ARM64.Build.0 = Release|Any CPU
		{7C60CC60-7050-4F24-B8B8-8CF72E11631A}.Release|x64.ActiveCfg = Release|Any CPU
		{7C60CC60-7050-4F24-B8B8-8CF72E11631A}.Release|x64.Build.0 = Release|Any CPU
		{7C60CC60-7050-4F24-B8B8-8CF72E11631A}.Release|x86.ActiveCfg = Release|Any CPU
		{7C60CC60-7050-4F24-B8B8-8CF72E11631A}.Release|x86.Build.0 = Release|Any CPU
		{7DBAB7A3-5E21-4743-BE04-8928F566C388}.Debug|Any CPU.ActiveCfg = Debug|Any CPU
		{7DBAB7A3-5E21-4743-BE04-8928F566C388}.Debug|Any CPU.Build.0 = Debug|Any CPU
		{7DBAB7A3-5E21-4743-BE04-8928F566C388}.Debug|ARM.ActiveCfg = Debug|Any CPU
		{7DBAB7A3-5E21-4743-BE04-8928F566C388}.Debug|ARM.Build.0 = Debug|Any CPU
		{7DBAB7A3-5E21-4743-BE04-8928F566C388}.Debug|ARM64.ActiveCfg = Debug|Any CPU
		{7DBAB7A3-5E21-4743-BE04-8928F566C388}.Debug|ARM64.Build.0 = Debug|Any CPU
		{7DBAB7A3-5E21-4743-BE04-8928F566C388}.Debug|x64.ActiveCfg = Debug|Any CPU
		{7DBAB7A3-5E21-4743-BE04-8928F566C388}.Debug|x64.Build.0 = Debug|Any CPU
		{7DBAB7A3-5E21-4743-BE04-8928F566C388}.Debug|x86.ActiveCfg = Debug|Any CPU
		{7DBAB7A3-5E21-4743-BE04-8928F566C388}.Debug|x86.Build.0 = Debug|Any CPU
		{7DBAB7A3-5E21-4743-BE04-8928F566C388}.Release|Any CPU.ActiveCfg = Release|Any CPU
		{7DBAB7A3-5E21-4743-BE04-8928F566C388}.Release|Any CPU.Build.0 = Release|Any CPU
		{7DBAB7A3-5E21-4743-BE04-8928F566C388}.Release|ARM.ActiveCfg = Release|Any CPU
		{7DBAB7A3-5E21-4743-BE04-8928F566C388}.Release|ARM.Build.0 = Release|Any CPU
		{7DBAB7A3-5E21-4743-BE04-8928F566C388}.Release|ARM64.ActiveCfg = Release|Any CPU
		{7DBAB7A3-5E21-4743-BE04-8928F566C388}.Release|ARM64.Build.0 = Release|Any CPU
		{7DBAB7A3-5E21-4743-BE04-8928F566C388}.Release|x64.ActiveCfg = Release|Any CPU
		{7DBAB7A3-5E21-4743-BE04-8928F566C388}.Release|x64.Build.0 = Release|Any CPU
		{7DBAB7A3-5E21-4743-BE04-8928F566C388}.Release|x86.ActiveCfg = Release|Any CPU
		{7DBAB7A3-5E21-4743-BE04-8928F566C388}.Release|x86.Build.0 = Release|Any CPU
		{41EE32FE-B353-4C84-AE5B-9096902A19B8}.Debug|Any CPU.ActiveCfg = Debug|x64
		{41EE32FE-B353-4C84-AE5B-9096902A19B8}.Debug|Any CPU.Build.0 = Debug|x64
		{41EE32FE-B353-4C84-AE5B-9096902A19B8}.Debug|Any CPU.Deploy.0 = Debug|x64
		{41EE32FE-B353-4C84-AE5B-9096902A19B8}.Debug|ARM.ActiveCfg = Debug|ARM
		{41EE32FE-B353-4C84-AE5B-9096902A19B8}.Debug|ARM.Build.0 = Debug|ARM
		{41EE32FE-B353-4C84-AE5B-9096902A19B8}.Debug|ARM.Deploy.0 = Debug|ARM
		{41EE32FE-B353-4C84-AE5B-9096902A19B8}.Debug|ARM64.ActiveCfg = Debug|ARM64
		{41EE32FE-B353-4C84-AE5B-9096902A19B8}.Debug|ARM64.Build.0 = Debug|ARM64
		{41EE32FE-B353-4C84-AE5B-9096902A19B8}.Debug|ARM64.Deploy.0 = Debug|ARM64
		{41EE32FE-B353-4C84-AE5B-9096902A19B8}.Debug|x64.ActiveCfg = Debug|x64
		{41EE32FE-B353-4C84-AE5B-9096902A19B8}.Debug|x64.Build.0 = Debug|x64
		{41EE32FE-B353-4C84-AE5B-9096902A19B8}.Debug|x64.Deploy.0 = Debug|x64
		{41EE32FE-B353-4C84-AE5B-9096902A19B8}.Debug|x86.ActiveCfg = Debug|x86
		{41EE32FE-B353-4C84-AE5B-9096902A19B8}.Debug|x86.Build.0 = Debug|x86
		{41EE32FE-B353-4C84-AE5B-9096902A19B8}.Debug|x86.Deploy.0 = Debug|x86
		{41EE32FE-B353-4C84-AE5B-9096902A19B8}.Release|Any CPU.ActiveCfg = Release|x64
		{41EE32FE-B353-4C84-AE5B-9096902A19B8}.Release|Any CPU.Build.0 = Release|x64
		{41EE32FE-B353-4C84-AE5B-9096902A19B8}.Release|Any CPU.Deploy.0 = Release|x64
		{41EE32FE-B353-4C84-AE5B-9096902A19B8}.Release|ARM.ActiveCfg = Release|ARM
		{41EE32FE-B353-4C84-AE5B-9096902A19B8}.Release|ARM.Build.0 = Release|ARM
		{41EE32FE-B353-4C84-AE5B-9096902A19B8}.Release|ARM.Deploy.0 = Release|ARM
		{41EE32FE-B353-4C84-AE5B-9096902A19B8}.Release|ARM64.ActiveCfg = Release|ARM64
		{41EE32FE-B353-4C84-AE5B-9096902A19B8}.Release|ARM64.Build.0 = Release|ARM64
		{41EE32FE-B353-4C84-AE5B-9096902A19B8}.Release|ARM64.Deploy.0 = Release|ARM64
		{41EE32FE-B353-4C84-AE5B-9096902A19B8}.Release|x64.ActiveCfg = Release|x64
		{41EE32FE-B353-4C84-AE5B-9096902A19B8}.Release|x64.Build.0 = Release|x64
		{41EE32FE-B353-4C84-AE5B-9096902A19B8}.Release|x64.Deploy.0 = Release|x64
		{41EE32FE-B353-4C84-AE5B-9096902A19B8}.Release|x86.ActiveCfg = Release|x86
		{41EE32FE-B353-4C84-AE5B-9096902A19B8}.Release|x86.Build.0 = Release|x86
		{41EE32FE-B353-4C84-AE5B-9096902A19B8}.Release|x86.Deploy.0 = Release|x86
		{654913E3-5F9C-42C2-B423-BBF83C796EBA}.Debug|Any CPU.ActiveCfg = Debug|Any CPU
		{654913E3-5F9C-42C2-B423-BBF83C796EBA}.Debug|Any CPU.Build.0 = Debug|Any CPU
		{654913E3-5F9C-42C2-B423-BBF83C796EBA}.Debug|ARM.ActiveCfg = Debug|ARM
		{654913E3-5F9C-42C2-B423-BBF83C796EBA}.Debug|ARM.Build.0 = Debug|ARM
		{654913E3-5F9C-42C2-B423-BBF83C796EBA}.Debug|ARM64.ActiveCfg = Debug|ARM64
		{654913E3-5F9C-42C2-B423-BBF83C796EBA}.Debug|ARM64.Build.0 = Debug|ARM64
		{654913E3-5F9C-42C2-B423-BBF83C796EBA}.Debug|x64.ActiveCfg = Debug|x64
		{654913E3-5F9C-42C2-B423-BBF83C796EBA}.Debug|x64.Build.0 = Debug|x64
		{654913E3-5F9C-42C2-B423-BBF83C796EBA}.Debug|x86.ActiveCfg = Debug|x86
		{654913E3-5F9C-42C2-B423-BBF83C796EBA}.Debug|x86.Build.0 = Debug|x86
		{654913E3-5F9C-42C2-B423-BBF83C796EBA}.Release|Any CPU.ActiveCfg = Release|Any CPU
		{654913E3-5F9C-42C2-B423-BBF83C796EBA}.Release|Any CPU.Build.0 = Release|Any CPU
		{654913E3-5F9C-42C2-B423-BBF83C796EBA}.Release|ARM.ActiveCfg = Release|ARM
		{654913E3-5F9C-42C2-B423-BBF83C796EBA}.Release|ARM.Build.0 = Release|ARM
		{654913E3-5F9C-42C2-B423-BBF83C796EBA}.Release|ARM64.ActiveCfg = Release|ARM64
		{654913E3-5F9C-42C2-B423-BBF83C796EBA}.Release|ARM64.Build.0 = Release|ARM64
		{654913E3-5F9C-42C2-B423-BBF83C796EBA}.Release|x64.ActiveCfg = Release|x64
		{654913E3-5F9C-42C2-B423-BBF83C796EBA}.Release|x64.Build.0 = Release|x64
		{654913E3-5F9C-42C2-B423-BBF83C796EBA}.Release|x86.ActiveCfg = Release|x86
		{654913E3-5F9C-42C2-B423-BBF83C796EBA}.Release|x86.Build.0 = Release|x86
	EndGlobalSection
	GlobalSection(SolutionProperties) = preSolution
		HideSolutionNode = FALSE
	EndGlobalSection
	GlobalSection(ExtensibilityGlobals) = postSolution
		SolutionGuid = {F20A8902-0AEC-4C2A-8C45-B15B756FF3FF}
	EndGlobalSection
EndGlobal
